
Microsoft Visual Studio Solution File, Format Version 12.00
# Visual Studio Version 17
VisualStudioVersion = 17.13.35919.96
MinimumVisualStudioVersion = 10.0.40219.1
Project("{FAE04EC0-301F-11D3-BF4B-00C04F79EFBC}") = "ProductReviewAnalysis", "src\ProductReviewAnalysis\ProductReviewAnalysis.csproj", "{6183C7F5-11FF-4989-AFF2-CAEF6B8B9AAE}"
EndProject
Project("{FAE04EC0-301F-11D3-BF4B-00C04F79EFBC}") = "ProductReviewAnalysis.Common", "src\ProductReviewAnalysis.Common\ProductReviewAnalysis.Common.csproj", "{FB389711-A56A-4609-9461-FE68DB9B837C}"
EndProject
Project("{FAE04EC0-301F-11D3-BF4B-00C04F79EFBC}") = "ProductReviewAnalysis.Data", "src\ProductReviewAnalysis.Data\ProductReviewAnalysis.Data.csproj", "{73A93EEF-3DD1-48A4-89A9-3B9AD430C57A}"
EndProject
Project("{FAE04EC0-301F-11D3-BF4B-00C04F79EFBC}") = "ProductReviewAnalysis.Service", "src\ProductReviewAnalysis.Service\ProductReviewAnalysis.Service.csproj", "{3D06FEF8-2012-450B-84D7-BD1B417D9AA9}"
EndProject
Project("{FAE04EC0-301F-11D3-BF4B-00C04F79EFBC}") = "ProductReviewAnalysis.Repository", "src\ProductReviewAnalysis.Repositories\ProductReviewAnalysis.Repository.csproj", "{170EF9A4-35D5-48C9-80CC-0C9352A19E80}"
EndProject
Project("{FAE04EC0-301F-11D3-BF4B-00C04F79EFBC}") = "ProductReviewAnalysis.Tests", "src\ProductReviewAnalysis.Tests\ProductReviewAnalysis.Tests.csproj", "{C49B057E-EF18-4B1D-B07C-1BCDC89B9C83}"
EndProject
Global
	GlobalSection(SolutionConfigurationPlatforms) = preSolution
		Debug|Any CPU = Debug|Any CPU
		Release|Any CPU = Release|Any CPU
	EndGlobalSection
	GlobalSection(ProjectConfigurationPlatforms) = postSolution
		{6183C7F5-11FF-4989-AFF2-CAEF6B8B9AAE}.Debug|Any CPU.ActiveCfg = Debug|Any CPU
		{6183C7F5-11FF-4989-AFF2-CAEF6B8B9AAE}.Debug|Any CPU.Build.0 = Debug|Any CPU
		{6183C7F5-11FF-4989-AFF2-CAEF6B8B9AAE}.Release|Any CPU.ActiveCfg = Release|Any CPU
		{6183C7F5-11FF-4989-AFF2-CAEF6B8B9AAE}.Release|Any CPU.Build.0 = Release|Any CPU
		{FB389711-A56A-4609-9461-FE68DB9B837C}.Debug|Any CPU.ActiveCfg = Debug|Any CPU
		{FB389711-A56A-4609-9461-FE68DB9B837C}.Debug|Any CPU.Build.0 = Debug|Any CPU
		{FB389711-A56A-4609-9461-FE68DB9B837C}.Release|Any CPU.ActiveCfg = Release|Any CPU
		{FB389711-A56A-4609-9461-FE68DB9B837C}.Release|Any CPU.Build.0 = Release|Any CPU
		{73A93EEF-3DD1-48A4-89A9-3B9AD430C57A}.Debug|Any CPU.ActiveCfg = Debug|Any CPU
		{73A93EEF-3DD1-48A4-89A9-3B9AD430C57A}.Debug|Any CPU.Build.0 = Debug|Any CPU
		{73A93EEF-3DD1-48A4-89A9-3B9AD430C57A}.Release|Any CPU.ActiveCfg = Release|Any CPU
		{73A93EEF-3DD1-48A4-89A9-3B9AD430C57A}.Release|Any CPU.Build.0 = Release|Any CPU
		{3D06FEF8-2012-450B-84D7-BD1B417D9AA9}.Debug|Any CPU.ActiveCfg = Debug|Any CPU
		{3D06FEF8-2012-450B-84D7-BD1B417D9AA9}.Debug|Any CPU.Build.0 = Debug|Any CPU
		{3D06FEF8-2012-450B-84D7-BD1B417D9AA9}.Release|Any CPU.ActiveCfg = Release|Any CPU
		{3D06FEF8-2012-450B-84D7-BD1B417D9AA9}.Release|Any CPU.Build.0 = Release|Any CPU
		{170EF9A4-35D5-48C9-80CC-0C9352A19E80}.Debug|Any CPU.ActiveCfg = Debug|Any CPU
		{170EF9A4-35D5-48C9-80CC-0C9352A19E80}.Debug|Any CPU.Build.0 = Debug|Any CPU
		{170EF9A4-35D5-48C9-80CC-0C9352A19E80}.Release|Any CPU.ActiveCfg = Release|Any CPU
		{170EF9A4-35D5-48C9-80CC-0C9352A19E80}.Release|Any CPU.Build.0 = Release|Any CPU
		{C49B057E-EF18-4B1D-B07C-1BCDC89B9C83}.Debug|Any CPU.ActiveCfg = Debug|Any CPU
		{C49B057E-EF18-4B1D-B07C-1BCDC89B9C83}.Debug|Any CPU.Build.0 = Debug|Any CPU
		{C49B057E-EF18-4B1D-B07C-1BCDC89B9C83}.Release|Any CPU.ActiveCfg = Release|Any CPU
		{C49B057E-EF18-4B1D-B07C-1BCDC89B9C83}.Release|Any CPU.Build.0 = Release|Any CPU
	EndGlobalSection
	GlobalSection(SolutionProperties) = preSolution
		HideSolutionNode = FALSE
	EndGlobalSection
	GlobalSection(ExtensibilityGlobals) = postSolution
		SolutionGuid = {77C66179-FF95-4FEB-B79F-4F12CAB42F77}
	EndGlobalSection
EndGlobal
